
Microsoft Visual Studio Solution File, Format Version 12.00
# Visual Studio Version 17
VisualStudioVersion = 17.0.32014.148
MinimumVisualStudioVersion = 10.0.40219.1
Project("{FAE04EC0-301F-11D3-BF4B-00C04F79EFBC}") = "arrays", "arrays\arrays.csproj", "{CF1AF293-61D5-4272-A3FD-AEBC6E80C47E}"
EndProject
Global
	GlobalSection(SolutionConfigurationPlatforms) = preSolution
		Debug|Any CPU = Debug|Any CPU
		Release|Any CPU = Release|Any CPU
	EndGlobalSection
	GlobalSection(ProjectConfigurationPlatforms) = postSolution
		{CF1AF293-61D5-4272-A3FD-AEBC6E80C47E}.Debug|Any CPU.ActiveCfg = Debug|Any CPU
		{CF1AF293-61D5-4272-A3FD-AEBC6E80C47E}.Debug|Any CPU.Build.0 = Debug|Any CPU
		{CF1AF293-61D5-4272-A3FD-AEBC6E80C47E}.Release|Any CPU.ActiveCfg = Release|Any CPU
		{CF1AF293-61D5-4272-A3FD-AEBC6E80C47E}.Release|Any CPU.Build.0 = Release|Any CPU
	EndGlobalSection
	GlobalSection(SolutionProperties) = preSolution
		HideSolutionNode = FALSE
	EndGlobalSection
	GlobalSection(ExtensibilityGlobals) = postSolution
		SolutionGuid = {21A05677-3A2A-4291-BF3B-C85E902E9BFB}
	EndGlobalSection
EndGlobal
