
Microsoft Visual Studio Solution File, Format Version 12.00
# Visual Studio Version 17
VisualStudioVersion = 17.0.32014.148
MinimumVisualStudioVersion = 10.0.40219.1
Project("{FAE04EC0-301F-11D3-BF4B-00C04F79EFBC}") = "recursives-extensions", "recursives-extensions\recursives-extensions.csproj", "{B8A258A5-FA9D-492C-A87E-B95D501F3A69}"
EndProject
Global
	GlobalSection(SolutionConfigurationPlatforms) = preSolution
		Debug|Any CPU = Debug|Any CPU
		Release|Any CPU = Release|Any CPU
	EndGlobalSection
	GlobalSection(ProjectConfigurationPlatforms) = postSolution
		{B8A258A5-FA9D-492C-A87E-B95D501F3A69}.Debug|Any CPU.ActiveCfg = Debug|Any CPU
		{B8A258A5-FA9D-492C-A87E-B95D501F3A69}.Debug|Any CPU.Build.0 = Debug|Any CPU
		{B8A258A5-FA9D-492C-A87E-B95D501F3A69}.Release|Any CPU.ActiveCfg = Release|Any CPU
		{B8A258A5-FA9D-492C-A87E-B95D501F3A69}.Release|Any CPU.Build.0 = Release|Any CPU
	EndGlobalSection
	GlobalSection(SolutionProperties) = preSolution
		HideSolutionNode = FALSE
	EndGlobalSection
	GlobalSection(ExtensibilityGlobals) = postSolution
		SolutionGuid = {E81D6B5E-EF9C-4248-9835-382E0108C0A8}
	EndGlobalSection
EndGlobal
